
Microsoft Visual Studio Solution File, Format Version 12.00
Project("{FAE04EC0-301F-11D3-BF4B-00C04F79EFBC}") = "Khaos.Avalanche.Sandbox", "sandbox\Khaos.Avalanche.Sandbox\Khaos.Avalanche.Sandbox.csproj", "{8A7C528B-7A63-4D89-9EE8-F4CFA0A929FE}"
EndProject
Project("{FAE04EC0-301F-11D3-BF4B-00C04F79EFBC}") = "Khaos.Avalanche", "src\Khaos.Avalanche\Khaos.Avalanche.csproj", "{6E499A37-86DC-4EA8-9ED5-22A134D30652}"
EndProject
Project("{FAE04EC0-301F-11D3-BF4B-00C04F79EFBC}") = "Khaos.Avalanche.Sandbox.ExportingLib", "sandbox\Khaos.Avalanche.Sandbox.ExportingLib\Khaos.Avalanche.Sandbox.ExportingLib.csproj", "{522BBD42-C6AD-400F-8BAD-C9448E444A86}"
EndProject
Project("{FAE04EC0-301F-11D3-BF4B-00C04F79EFBC}") = "Khaos.Avalanche.Worker", "src\Khaos.Avalanche.Worker\Khaos.Avalanche.Worker.csproj", "{9322BAF1-69BE-4A29-BA1F-89166D6460CA}"
EndProject
Project("{FAE04EC0-301F-11D3-BF4B-00C04F79EFBC}") = "Khaos.Avalanche.BigQuery", "src\Khaos.Avalanche.BigQuery\Khaos.Avalanche.BigQuery.csproj", "{188E4BF2-348C-44CC-824D-CB9199521316}"
EndProject
Project("{FAE04EC0-301F-11D3-BF4B-00C04F79EFBC}") = "Khaos.Avalanche.Npgsql", "src\Khaos.Avalanche.Npgsql\Khaos.Avalanche.Npgsql.csproj", "{D836208C-85A2-42EE-AB40-24DEFF90807C}"
EndProject
Project("{FAE04EC0-301F-11D3-BF4B-00C04F79EFBC}") = "Khaos.Avalanche.GoogleCloudStorage", "src\Khaos.Avalanche.GoogleCloudStorage\Khaos.Avalanche.GoogleCloudStorage.csproj", "{F3B9DA86-CC5C-4475-B008-862976276F70}"
EndProject
Project("{FAE04EC0-301F-11D3-BF4B-00C04F79EFBC}") = "Khaos.Avalanche.Cassandra", "src\Khaos.Avalanche.Cassandra\Khaos.Avalanche.Cassandra.csproj", "{81A6C2C7-7F0F-4659-9B29-A93100E60540}"
EndProject
Global
	GlobalSection(SolutionConfigurationPlatforms) = preSolution
		Debug|Any CPU = Debug|Any CPU
		Release|Any CPU = Release|Any CPU
	EndGlobalSection
	GlobalSection(ProjectConfigurationPlatforms) = postSolution
		{8A7C528B-7A63-4D89-9EE8-F4CFA0A929FE}.Debug|Any CPU.ActiveCfg = Debug|Any CPU
		{8A7C528B-7A63-4D89-9EE8-F4CFA0A929FE}.Debug|Any CPU.Build.0 = Debug|Any CPU
		{8A7C528B-7A63-4D89-9EE8-F4CFA0A929FE}.Release|Any CPU.ActiveCfg = Release|Any CPU
		{8A7C528B-7A63-4D89-9EE8-F4CFA0A929FE}.Release|Any CPU.Build.0 = Release|Any CPU
		{6E499A37-86DC-4EA8-9ED5-22A134D30652}.Debug|Any CPU.ActiveCfg = Debug|Any CPU
		{6E499A37-86DC-4EA8-9ED5-22A134D30652}.Debug|Any CPU.Build.0 = Debug|Any CPU
		{6E499A37-86DC-4EA8-9ED5-22A134D30652}.Release|Any CPU.ActiveCfg = Release|Any CPU
		{6E499A37-86DC-4EA8-9ED5-22A134D30652}.Release|Any CPU.Build.0 = Release|Any CPU
		{522BBD42-C6AD-400F-8BAD-C9448E444A86}.Debug|Any CPU.ActiveCfg = Debug|Any CPU
		{522BBD42-C6AD-400F-8BAD-C9448E444A86}.Debug|Any CPU.Build.0 = Debug|Any CPU
		{522BBD42-C6AD-400F-8BAD-C9448E444A86}.Release|Any CPU.ActiveCfg = Release|Any CPU
		{522BBD42-C6AD-400F-8BAD-C9448E444A86}.Release|Any CPU.Build.0 = Release|Any CPU
		{9322BAF1-69BE-4A29-BA1F-89166D6460CA}.Debug|Any CPU.ActiveCfg = Debug|Any CPU
		{9322BAF1-69BE-4A29-BA1F-89166D6460CA}.Debug|Any CPU.Build.0 = Debug|Any CPU
		{9322BAF1-69BE-4A29-BA1F-89166D6460CA}.Release|Any CPU.ActiveCfg = Release|Any CPU
		{9322BAF1-69BE-4A29-BA1F-89166D6460CA}.Release|Any CPU.Build.0 = Release|Any CPU
		{188E4BF2-348C-44CC-824D-CB9199521316}.Debug|Any CPU.ActiveCfg = Debug|Any CPU
		{188E4BF2-348C-44CC-824D-CB9199521316}.Debug|Any CPU.Build.0 = Debug|Any CPU
		{188E4BF2-348C-44CC-824D-CB9199521316}.Release|Any CPU.ActiveCfg = Release|Any CPU
		{188E4BF2-348C-44CC-824D-CB9199521316}.Release|Any CPU.Build.0 = Release|Any CPU
		{D836208C-85A2-42EE-AB40-24DEFF90807C}.Debug|Any CPU.ActiveCfg = Debug|Any CPU
		{D836208C-85A2-42EE-AB40-24DEFF90807C}.Debug|Any CPU.Build.0 = Debug|Any CPU
		{D836208C-85A2-42EE-AB40-24DEFF90807C}.Release|Any CPU.ActiveCfg = Release|Any CPU
		{D836208C-85A2-42EE-AB40-24DEFF90807C}.Release|Any CPU.Build.0 = Release|Any CPU
		{F3B9DA86-CC5C-4475-B008-862976276F70}.Debug|Any CPU.ActiveCfg = Debug|Any CPU
		{F3B9DA86-CC5C-4475-B008-862976276F70}.Debug|Any CPU.Build.0 = Debug|Any CPU
		{F3B9DA86-CC5C-4475-B008-862976276F70}.Release|Any CPU.ActiveCfg = Release|Any CPU
		{F3B9DA86-CC5C-4475-B008-862976276F70}.Release|Any CPU.Build.0 = Release|Any CPU
		{81A6C2C7-7F0F-4659-9B29-A93100E60540}.Debug|Any CPU.ActiveCfg = Debug|Any CPU
		{81A6C2C7-7F0F-4659-9B29-A93100E60540}.Debug|Any CPU.Build.0 = Debug|Any CPU
		{81A6C2C7-7F0F-4659-9B29-A93100E60540}.Release|Any CPU.ActiveCfg = Release|Any CPU
		{81A6C2C7-7F0F-4659-9B29-A93100E60540}.Release|Any CPU.Build.0 = Release|Any CPU
	EndGlobalSection
EndGlobal
